
Microsoft Visual Studio Solution File, Format Version 12.00
# Visual Studio Version 16
VisualStudioVersion = 16.0.29613.14
MinimumVisualStudioVersion = 10.0.40219.1
Project("{FAE04EC0-301F-11D3-BF4B-00C04F79EFBC}") = "Operations", "Operations\Operations.csproj", "{05D88F7B-B793-4360-9695-C0D10D1CE5E4}"
EndProject
Project("{FAE04EC0-301F-11D3-BF4B-00C04F79EFBC}") = "OperationsTests", "OperationsTests\OperationsTests.csproj", "{EB944A8A-9989-4772-BA73-ED962677E07B}"
EndProject
Global
	GlobalSection(SolutionConfigurationPlatforms) = preSolution
		Debug|Any CPU = Debug|Any CPU
		Release|Any CPU = Release|Any CPU
	EndGlobalSection
	GlobalSection(ProjectConfigurationPlatforms) = postSolution
		{05D88F7B-B793-4360-9695-C0D10D1CE5E4}.Debug|Any CPU.ActiveCfg = Debug|Any CPU
		{05D88F7B-B793-4360-9695-C0D10D1CE5E4}.Debug|Any CPU.Build.0 = Debug|Any CPU
		{05D88F7B-B793-4360-9695-C0D10D1CE5E4}.Release|Any CPU.ActiveCfg = Release|Any CPU
		{05D88F7B-B793-4360-9695-C0D10D1CE5E4}.Release|Any CPU.Build.0 = Release|Any CPU
		{EB944A8A-9989-4772-BA73-ED962677E07B}.Debug|Any CPU.ActiveCfg = Debug|Any CPU
		{EB944A8A-9989-4772-BA73-ED962677E07B}.Debug|Any CPU.Build.0 = Debug|Any CPU
		{EB944A8A-9989-4772-BA73-ED962677E07B}.Release|Any CPU.ActiveCfg = Release|Any CPU
		{EB944A8A-9989-4772-BA73-ED962677E07B}.Release|Any CPU.Build.0 = Release|Any CPU
	EndGlobalSection
	GlobalSection(SolutionProperties) = preSolution
		HideSolutionNode = FALSE
	EndGlobalSection
	GlobalSection(ExtensibilityGlobals) = postSolution
		SolutionGuid = {EBEB6B9C-2F51-4407-B623-2FD3AA8EFCA8}
	EndGlobalSection
EndGlobal
