
Microsoft Visual Studio Solution File, Format Version 12.00
# Visual Studio Version 16
VisualStudioVersion = 16.0.29613.14
MinimumVisualStudioVersion = 10.0.40219.1
Project("{9A19103F-16F7-4668-BE54-9A1E7A4F7556}") = "Operation", "Operation\Operation.csproj", "{30160FD4-7439-4DCD-AD89-EAD45D8A08F0}"
EndProject
Project("{9A19103F-16F7-4668-BE54-9A1E7A4F7556}") = "OperationTests", "OperationTests\OperationTests.csproj", "{0613B34A-2118-4AD5-9ED2-30463E8D9F1E}"
EndProject
Project("{FAE04EC0-301F-11D3-BF4B-00C04F79EFBC}") = "BasicCalculator", "BasicCalculator\BasicCalculator.csproj", "{FEE8B2EC-94BA-4E4A-BC51-14AF394568BC}"
EndProject
Project("{FAE04EC0-301F-11D3-BF4B-00C04F79EFBC}") = "BasicCalculatorTests", "BasicCalculatorTests\BasicCalculatorTests.csproj", "{43527EDA-F2A6-4BC3-AC41-42AB3BC52890}"
EndProject
Global
	GlobalSection(SolutionConfigurationPlatforms) = preSolution
		Debug|Any CPU = Debug|Any CPU
		Release|Any CPU = Release|Any CPU
	EndGlobalSection
	GlobalSection(ProjectConfigurationPlatforms) = postSolution
		{30160FD4-7439-4DCD-AD89-EAD45D8A08F0}.Debug|Any CPU.ActiveCfg = Debug|Any CPU
		{30160FD4-7439-4DCD-AD89-EAD45D8A08F0}.Debug|Any CPU.Build.0 = Debug|Any CPU
		{30160FD4-7439-4DCD-AD89-EAD45D8A08F0}.Release|Any CPU.ActiveCfg = Release|Any CPU
		{30160FD4-7439-4DCD-AD89-EAD45D8A08F0}.Release|Any CPU.Build.0 = Release|Any CPU
		{0613B34A-2118-4AD5-9ED2-30463E8D9F1E}.Debug|Any CPU.ActiveCfg = Debug|Any CPU
		{0613B34A-2118-4AD5-9ED2-30463E8D9F1E}.Debug|Any CPU.Build.0 = Debug|Any CPU
		{0613B34A-2118-4AD5-9ED2-30463E8D9F1E}.Release|Any CPU.ActiveCfg = Release|Any CPU
		{0613B34A-2118-4AD5-9ED2-30463E8D9F1E}.Release|Any CPU.Build.0 = Release|Any CPU
		{FEE8B2EC-94BA-4E4A-BC51-14AF394568BC}.Debug|Any CPU.ActiveCfg = Debug|Any CPU
		{FEE8B2EC-94BA-4E4A-BC51-14AF394568BC}.Debug|Any CPU.Build.0 = Debug|Any CPU
		{FEE8B2EC-94BA-4E4A-BC51-14AF394568BC}.Release|Any CPU.ActiveCfg = Release|Any CPU
		{FEE8B2EC-94BA-4E4A-BC51-14AF394568BC}.Release|Any CPU.Build.0 = Release|Any CPU
		{43527EDA-F2A6-4BC3-AC41-42AB3BC52890}.Debug|Any CPU.ActiveCfg = Debug|Any CPU
		{43527EDA-F2A6-4BC3-AC41-42AB3BC52890}.Debug|Any CPU.Build.0 = Debug|Any CPU
		{43527EDA-F2A6-4BC3-AC41-42AB3BC52890}.Release|Any CPU.ActiveCfg = Release|Any CPU
		{43527EDA-F2A6-4BC3-AC41-42AB3BC52890}.Release|Any CPU.Build.0 = Release|Any CPU
	EndGlobalSection
	GlobalSection(SolutionProperties) = preSolution
		HideSolutionNode = FALSE
	EndGlobalSection
	GlobalSection(ExtensibilityGlobals) = postSolution
		SolutionGuid = {49AE4FCE-7756-44C4-BC95-1F3E62CDBDC7}
	EndGlobalSection
EndGlobal
